
Microsoft Visual Studio Solution File, Format Version 12.00
# Visual Studio Version 16
VisualStudioVersion = 16.0.29926.136
MinimumVisualStudioVersion = 10.0.40219.1
Project("{FAE04EC0-301F-11D3-BF4B-00C04F79EFBC}") = "Sorting", "Sorting\Sorting.csproj", "{9F80515E-A120-419D-ABD3-F9D0FB4FDE97}"
EndProject
Global
	GlobalSection(SolutionConfigurationPlatforms) = preSolution
		Debug|Any CPU = Debug|Any CPU
		Release|Any CPU = Release|Any CPU
	EndGlobalSection
	GlobalSection(ProjectConfigurationPlatforms) = postSolution
		{9F80515E-A120-419D-ABD3-F9D0FB4FDE97}.Debug|Any CPU.ActiveCfg = Debug|Any CPU
		{9F80515E-A120-419D-ABD3-F9D0FB4FDE97}.Debug|Any CPU.Build.0 = Debug|Any CPU
		{9F80515E-A120-419D-ABD3-F9D0FB4FDE97}.Release|Any CPU.ActiveCfg = Release|Any CPU
		{9F80515E-A120-419D-ABD3-F9D0FB4FDE97}.Release|Any CPU.Build.0 = Release|Any CPU
	EndGlobalSection
	GlobalSection(SolutionProperties) = preSolution
		HideSolutionNode = FALSE
	EndGlobalSection
	GlobalSection(ExtensibilityGlobals) = postSolution
		SolutionGuid = {855D4904-E6E2-42A9-8C2A-1CD142BB659A}
	EndGlobalSection
EndGlobal
